%{"dialyxir": {:hex, :dialyxir, "0.4.1", "236056d6acd25f740f336756c0f3b5dd6e2f0156074bc15f3b779aeee15390c8", [:mix], []},
  "earmark": {:hex, :earmark, "1.0.3", "89bdbaf2aca8bbb5c97d8b3b55c5dd0cff517ecc78d417e87f1d0982e514557b", [:mix], []},
  "erlavro": {:git, "https://github.com/avvo/erlavro", "fb7c7f0b2784468edeea0961984247242097aee5", [ref: "fb7c7f0"]},
  "ex_doc": {:hex, :ex_doc, "0.14.5", "c0433c8117e948404d93ca69411dd575ec6be39b47802e81ca8d91017a0cf83c", [:mix], [{:earmark, "~> 1.0", [hex: :earmark, optional: false]}]},
  "jsonx": {:git, "https://github.com/iskra/jsonx.git", "9c95948c6835827ed61a9506ae4a9aba61acf335", [branch: "master"]},
  "mochijson3": {:git, "https://github.com/tophitpoker/mochijson3.git", "1a1c913ac80bb45d3de5fbd74d21e96c45e9e844", [branch: "master"]},
  "poison": {:hex, :poison, "2.2.0", "4763b69a8a77bd77d26f477d196428b741261a761257ff1cf92753a0d4d24a63", [:mix], []}}
