%{"dialyxir": {:hex, :dialyxir, "0.5.0", "5bc543f9c28ecd51b99cc1a685a3c2a1a93216990347f259406a910cf048d1d7", [:mix], []},
  "earmark": {:hex, :earmark, "1.2.1", "7ad3f203ab84d31832814483c834e006cf88949f061a4b50d7e783147572280f", [:mix], []},
  "erlavro": {:git, "https://github.com/avvo/erlavro", "fb7c7f0b2784468edeea0961984247242097aee5", [ref: "fb7c7f0"]},
  "ex_doc": {:hex, :ex_doc, "0.15.1", "d5f9d588fd802152516fccfdb96d6073753f77314fcfee892b15b6724ca0d596", [:mix], [{:earmark, "~> 1.1", [hex: :earmark, optional: false]}]},
  "jsonx": {:git, "https://github.com/iskra/jsonx.git", "9c95948c6835827ed61a9506ae4a9aba61acf335", [branch: "master"]},
  "mochijson3": {:git, "https://github.com/tophitpoker/mochijson3.git", "1a1c913ac80bb45d3de5fbd74d21e96c45e9e844", [branch: "master"]},
  "poison": {:hex, :poison, "2.2.0", "4763b69a8a77bd77d26f477d196428b741261a761257ff1cf92753a0d4d24a63", [:mix], []}}
